
Microsoft Visual Studio Solution File, Format Version 10.00
# Visual Studio 2008
Project("{8BC9CEB8-8B4A-11D0-8D11-00A0C91BC942}") = "vs_cpp_cycle_vs_recurse", "vs_cpp_cycle_vs_recurse\vs_cpp_cycle_vs_recurse.vcproj", "{EE92B98B-17E5-49FE-AC02-5278B9644561}"
EndProject
Global
	GlobalSection(SolutionConfigurationPlatforms) = preSolution
		Debug|Win32 = Debug|Win32
		Release|Win32 = Release|Win32
	EndGlobalSection
	GlobalSection(ProjectConfigurationPlatforms) = postSolution
		{EE92B98B-17E5-49FE-AC02-5278B9644561}.Debug|Win32.ActiveCfg = Debug|Win32
		{EE92B98B-17E5-49FE-AC02-5278B9644561}.Debug|Win32.Build.0 = Debug|Win32
		{EE92B98B-17E5-49FE-AC02-5278B9644561}.Release|Win32.ActiveCfg = Release|Win32
		{EE92B98B-17E5-49FE-AC02-5278B9644561}.Release|Win32.Build.0 = Release|Win32
	EndGlobalSection
	GlobalSection(SolutionProperties) = preSolution
		HideSolutionNode = FALSE
	EndGlobalSection
EndGlobal
